
Microsoft Visual Studio Solution File, Format Version 12.00
# Visual Studio Version 17
VisualStudioVersion = 17.1.32210.238
MinimumVisualStudioVersion = 10.0.40219.1
Project("{FAE04EC0-301F-11D3-BF4B-00C04F79EFBC}") = "FirstGit", "FirstGit\FirstGit.csproj", "{BFC58E1F-5247-4C86-A8A0-BA73ED6BD2F1}"
EndProject
Global
	GlobalSection(SolutionConfigurationPlatforms) = preSolution
		Debug|Any CPU = Debug|Any CPU
		Release|Any CPU = Release|Any CPU
	EndGlobalSection
	GlobalSection(ProjectConfigurationPlatforms) = postSolution
		{BFC58E1F-5247-4C86-A8A0-BA73ED6BD2F1}.Debug|Any CPU.ActiveCfg = Debug|Any CPU
		{BFC58E1F-5247-4C86-A8A0-BA73ED6BD2F1}.Debug|Any CPU.Build.0 = Debug|Any CPU
		{BFC58E1F-5247-4C86-A8A0-BA73ED6BD2F1}.Release|Any CPU.ActiveCfg = Release|Any CPU
		{BFC58E1F-5247-4C86-A8A0-BA73ED6BD2F1}.Release|Any CPU.Build.0 = Release|Any CPU
	EndGlobalSection
	GlobalSection(SolutionProperties) = preSolution
		HideSolutionNode = FALSE
	EndGlobalSection
	GlobalSection(ExtensibilityGlobals) = postSolution
		SolutionGuid = {36C3E2C2-7B4C-4BD8-946E-047ACD1FAD7D}
	EndGlobalSection
EndGlobal
